// !$*UTF8*$!
{
	archiveVersion = 1;
	classes = {
	};
	objectVersion = 51;
	objects = {

/* Begin PBXBuildFile section */
		2AAB72B4A1CB43041072BBCC /* Pods_Endka.framework in Frameworks */ = {isa = PBXBuildFile; fileRef = EB7D2F50059CFB496270D705 /* Pods_Endka.framework */; };
		683143EBF7A2B1F6D8124563 /* Pods_Endka_EndkaUITests.framework in Frameworks */ = {isa = PBXBuildFile; fileRef = 27F6967FCA6BE982E51F2330 /* Pods_Endka_EndkaUITests.framework */; };
		803E632A24613A1F007BD8EF /* SecondViewController.swift in Sources */ = {isa = PBXBuildFile; fileRef = 803E632924613A1F007BD8EF /* SecondViewController.swift */; };
		80550848245EF7C900B2BA5B /* AppDelegate.swift in Sources */ = {isa = PBXBuildFile; fileRef = 80550847245EF7C900B2BA5B /* AppDelegate.swift */; };
		8055084A245EF7C900B2BA5B /* SceneDelegate.swift in Sources */ = {isa = PBXBuildFile; fileRef = 80550849245EF7C900B2BA5B /* SceneDelegate.swift */; };
		8055084C245EF7C900B2BA5B /* ViewController.swift in Sources */ = {isa = PBXBuildFile; fileRef = 8055084B245EF7C900B2BA5B /* ViewController.swift */; };
		8055084F245EF7C900B2BA5B /* Main.storyboard in Resources */ = {isa = PBXBuildFile; fileRef = 8055084D245EF7C900B2BA5B /* Main.storyboard */; };
		80550851245EF7CA00B2BA5B /* Assets.xcassets in Resources */ = {isa = PBXBuildFile; fileRef = 80550850245EF7CA00B2BA5B /* Assets.xcassets */; };
		80550854245EF7CA00B2BA5B /* LaunchScreen.storyboard in Resources */ = {isa = PBXBuildFile; fileRef = 80550852245EF7CA00B2BA5B /* LaunchScreen.storyboard */; };
		8055085F245EF7CA00B2BA5B /* EndkaTests.swift in Sources */ = {isa = PBXBuildFile; fileRef = 8055085E245EF7CA00B2BA5B /* EndkaTests.swift */; };
		8055086A245EF7CA00B2BA5B /* EndkaUITests.swift in Sources */ = {isa = PBXBuildFile; fileRef = 80550869245EF7CA00B2BA5B /* EndkaUITests.swift */; };
		80550878245F003100B2BA5B /* InfoClass.swift in Sources */ = {isa = PBXBuildFile; fileRef = 80550877245F003100B2BA5B /* InfoClass.swift */; };
		8055087A245F049700B2BA5B /* NetworkingManager.swift in Sources */ = {isa = PBXBuildFile; fileRef = 80550879245F049700B2BA5B /* NetworkingManager.swift */; };
		8055087C245F04EE00B2BA5B /* CatImage.swift in Sources */ = {isa = PBXBuildFile; fileRef = 8055087B245F04EE00B2BA5B /* CatImage.swift */; };
		8055087E245F4AB500B2BA5B /* TableViewController.swift in Sources */ = {isa = PBXBuildFile; fileRef = 8055087D245F4AB500B2BA5B /* TableViewController.swift */; };
		80550880245F4BE300B2BA5B /* TableViewCell.swift in Sources */ = {isa = PBXBuildFile; fileRef = 8055087F245F4BE300B2BA5B /* TableViewCell.swift */; };
		806D9CEC246FC70900822905 /* VideoTableViewController.swift in Sources */ = {isa = PBXBuildFile; fileRef = 806D9CEB246FC70900822905 /* VideoTableViewController.swift */; };
		806D9CEE246FC7A100822905 /* VideoTableViewCell.swift in Sources */ = {isa = PBXBuildFile; fileRef = 806D9CED246FC7A100822905 /* VideoTableViewCell.swift */; };
		806D9CF2246FE05100822905 /* TrackTableViewCell.swift in Sources */ = {isa = PBXBuildFile; fileRef = 806D9CF1246FE05100822905 /* TrackTableViewCell.swift */; };
		806D9CF4246FE06600822905 /* TrackTableViewController.swift in Sources */ = {isa = PBXBuildFile; fileRef = 806D9CF3246FE06600822905 /* TrackTableViewController.swift */; };
		806D9CF6246FF69900822905 /* FavouriteTableViewController.swift in Sources */ = {isa = PBXBuildFile; fileRef = 806D9CF5246FF69900822905 /* FavouriteTableViewController.swift */; };
		806D9CF8246FF6AE00822905 /* FavouriteTableViewCell.swift in Sources */ = {isa = PBXBuildFile; fileRef = 806D9CF7246FF6AE00822905 /* FavouriteTableViewCell.swift */; };
		806D9CFA246FF6FC00822905 /* ArtistInfoViewController.swift in Sources */ = {isa = PBXBuildFile; fileRef = 806D9CF9246FF6FC00822905 /* ArtistInfoViewController.swift */; };
		806D9CFC246FF70A00822905 /* SignInViewController.swift in Sources */ = {isa = PBXBuildFile; fileRef = 806D9CFB246FF70A00822905 /* SignInViewController.swift */; };
		806D9CFE246FF71B00822905 /* SignUpViewController.swift in Sources */ = {isa = PBXBuildFile; fileRef = 806D9CFD246FF71B00822905 /* SignUpViewController.swift */; };
		806D9D00246FFA7600822905 /* GoogleService-Info.plist in Resources */ = {isa = PBXBuildFile; fileRef = 806D9CFF246FFA7600822905 /* GoogleService-Info.plist */; };
		F3D74371B32519D5ADF31EDD /* Pods_EndkaTests.framework in Frameworks */ = {isa = PBXBuildFile; fileRef = A589066DD0BFBB15E47767A2 /* Pods_EndkaTests.framework */; };
/* End PBXBuildFile section */

/* Begin PBXContainerItemProxy section */
		8055085B245EF7CA00B2BA5B /* PBXContainerItemProxy */ = {
			isa = PBXContainerItemProxy;
			containerPortal = 8055083C245EF7C900B2BA5B /* Project object */;
			proxyType = 1;
			remoteGlobalIDString = 80550843245EF7C900B2BA5B;
			remoteInfo = Endka;
		};
		80550866245EF7CA00B2BA5B /* PBXContainerItemProxy */ = {
			isa = PBXContainerItemProxy;
			containerPortal = 8055083C245EF7C900B2BA5B /* Project object */;
			proxyType = 1;
			remoteGlobalIDString = 80550843245EF7C900B2BA5B;
			remoteInfo = Endka;
		};
/* End PBXContainerItemProxy section */

/* Begin PBXFileReference section */
		27F6967FCA6BE982E51F2330 /* Pods_Endka_EndkaUITests.framework */ = {isa = PBXFileReference; explicitFileType = wrapper.framework; includeInIndex = 0; path = Pods_Endka_EndkaUITests.framework; sourceTree = BUILT_PRODUCTS_DIR; };
		2C1035A31C867FC01889DB7D /* Pods-Endka-EndkaUITests.debug.xcconfig */ = {isa = PBXFileReference; includeInIndex = 1; lastKnownFileType = text.xcconfig; name = "Pods-Endka-EndkaUITests.debug.xcconfig"; path = "Target Support Files/Pods-Endka-EndkaUITests/Pods-Endka-EndkaUITests.debug.xcconfig"; sourceTree = "<group>"; };
		803E632924613A1F007BD8EF /* SecondViewController.swift */ = {isa = PBXFileReference; lastKnownFileType = sourcecode.swift; path = SecondViewController.swift; sourceTree = "<group>"; };
		80550844245EF7C900B2BA5B /* Endka.app */ = {isa = PBXFileReference; explicitFileType = wrapper.application; includeInIndex = 0; path = Endka.app; sourceTree = BUILT_PRODUCTS_DIR; };
		80550847245EF7C900B2BA5B /* AppDelegate.swift */ = {isa = PBXFileReference; lastKnownFileType = sourcecode.swift; path = AppDelegate.swift; sourceTree = "<group>"; };
		80550849245EF7C900B2BA5B /* SceneDelegate.swift */ = {isa = PBXFileReference; lastKnownFileType = sourcecode.swift; path = SceneDelegate.swift; sourceTree = "<group>"; };
		8055084B245EF7C900B2BA5B /* ViewController.swift */ = {isa = PBXFileReference; lastKnownFileType = sourcecode.swift; path = ViewController.swift; sourceTree = "<group>"; };
		8055084E245EF7C900B2BA5B /* Base */ = {isa = PBXFileReference; lastKnownFileType = file.storyboard; name = Base; path = Base.lproj/Main.storyboard; sourceTree = "<group>"; };
		80550850245EF7CA00B2BA5B /* Assets.xcassets */ = {isa = PBXFileReference; lastKnownFileType = folder.assetcatalog; path = Assets.xcassets; sourceTree = "<group>"; };
		80550853245EF7CA00B2BA5B /* Base */ = {isa = PBXFileReference; lastKnownFileType = file.storyboard; name = Base; path = Base.lproj/LaunchScreen.storyboard; sourceTree = "<group>"; };
		80550855245EF7CA00B2BA5B /* Info.plist */ = {isa = PBXFileReference; lastKnownFileType = text.plist.xml; path = Info.plist; sourceTree = "<group>"; };
		8055085A245EF7CA00B2BA5B /* EndkaTests.xctest */ = {isa = PBXFileReference; explicitFileType = wrapper.cfbundle; includeInIndex = 0; path = EndkaTests.xctest; sourceTree = BUILT_PRODUCTS_DIR; };
		8055085E245EF7CA00B2BA5B /* EndkaTests.swift */ = {isa = PBXFileReference; lastKnownFileType = sourcecode.swift; path = EndkaTests.swift; sourceTree = "<group>"; };
		80550860245EF7CA00B2BA5B /* Info.plist */ = {isa = PBXFileReference; lastKnownFileType = text.plist.xml; path = Info.plist; sourceTree = "<group>"; };
		80550865245EF7CA00B2BA5B /* EndkaUITests.xctest */ = {isa = PBXFileReference; explicitFileType = wrapper.cfbundle; includeInIndex = 0; path = EndkaUITests.xctest; sourceTree = BUILT_PRODUCTS_DIR; };
		80550869245EF7CA00B2BA5B /* EndkaUITests.swift */ = {isa = PBXFileReference; lastKnownFileType = sourcecode.swift; path = EndkaUITests.swift; sourceTree = "<group>"; };
		8055086B245EF7CA00B2BA5B /* Info.plist */ = {isa = PBXFileReference; lastKnownFileType = text.plist.xml; path = Info.plist; sourceTree = "<group>"; };
		80550877245F003100B2BA5B /* InfoClass.swift */ = {isa = PBXFileReference; lastKnownFileType = sourcecode.swift; path = InfoClass.swift; sourceTree = "<group>"; };
		80550879245F049700B2BA5B /* NetworkingManager.swift */ = {isa = PBXFileReference; lastKnownFileType = sourcecode.swift; path = NetworkingManager.swift; sourceTree = "<group>"; };
		8055087B245F04EE00B2BA5B /* CatImage.swift */ = {isa = PBXFileReference; lastKnownFileType = sourcecode.swift; path = CatImage.swift; sourceTree = "<group>"; };
		8055087D245F4AB500B2BA5B /* TableViewController.swift */ = {isa = PBXFileReference; lastKnownFileType = sourcecode.swift; path = TableViewController.swift; sourceTree = "<group>"; };
		8055087F245F4BE300B2BA5B /* TableViewCell.swift */ = {isa = PBXFileReference; lastKnownFileType = sourcecode.swift; path = TableViewCell.swift; sourceTree = "<group>"; };
		806D9CEB246FC70900822905 /* VideoTableViewController.swift */ = {isa = PBXFileReference; lastKnownFileType = sourcecode.swift; path = VideoTableViewController.swift; sourceTree = "<group>"; };
		806D9CED246FC7A100822905 /* VideoTableViewCell.swift */ = {isa = PBXFileReference; lastKnownFileType = sourcecode.swift; path = VideoTableViewCell.swift; sourceTree = "<group>"; };
		806D9CF1246FE05100822905 /* TrackTableViewCell.swift */ = {isa = PBXFileReference; lastKnownFileType = sourcecode.swift; path = TrackTableViewCell.swift; sourceTree = "<group>"; };
		806D9CF3246FE06600822905 /* TrackTableViewController.swift */ = {isa = PBXFileReference; lastKnownFileType = sourcecode.swift; path = TrackTableViewController.swift; sourceTree = "<group>"; };
		806D9CF5246FF69900822905 /* FavouriteTableViewController.swift */ = {isa = PBXFileReference; lastKnownFileType = sourcecode.swift; path = FavouriteTableViewController.swift; sourceTree = "<group>"; };
		806D9CF7246FF6AE00822905 /* FavouriteTableViewCell.swift */ = {isa = PBXFileReference; lastKnownFileType = sourcecode.swift; path = FavouriteTableViewCell.swift; sourceTree = "<group>"; };
		806D9CF9246FF6FC00822905 /* ArtistInfoViewController.swift */ = {isa = PBXFileReference; lastKnownFileType = sourcecode.swift; path = ArtistInfoViewController.swift; sourceTree = "<group>"; };
		806D9CFB246FF70A00822905 /* SignInViewController.swift */ = {isa = PBXFileReference; lastKnownFileType = sourcecode.swift; path = SignInViewController.swift; sourceTree = "<group>"; };
		806D9CFD246FF71B00822905 /* SignUpViewController.swift */ = {isa = PBXFileReference; lastKnownFileType = sourcecode.swift; path = SignUpViewController.swift; sourceTree = "<group>"; };
		806D9CFF246FFA7600822905 /* GoogleService-Info.plist */ = {isa = PBXFileReference; fileEncoding = 4; lastKnownFileType = text.plist.xml; path = "GoogleService-Info.plist"; sourceTree = "<group>"; };
		A074429DC9735A609B1BDE94 /* Pods-EndkaTests.release.xcconfig */ = {isa = PBXFileReference; includeInIndex = 1; lastKnownFileType = text.xcconfig; name = "Pods-EndkaTests.release.xcconfig"; path = "Target Support Files/Pods-EndkaTests/Pods-EndkaTests.release.xcconfig"; sourceTree = "<group>"; };
		A589066DD0BFBB15E47767A2 /* Pods_EndkaTests.framework */ = {isa = PBXFileReference; explicitFileType = wrapper.framework; includeInIndex = 0; path = Pods_EndkaTests.framework; sourceTree = BUILT_PRODUCTS_DIR; };
		A97B7ED83D867C8259E95E69 /* Pods-Endka.debug.xcconfig */ = {isa = PBXFileReference; includeInIndex = 1; lastKnownFileType = text.xcconfig; name = "Pods-Endka.debug.xcconfig"; path = "Target Support Files/Pods-Endka/Pods-Endka.debug.xcconfig"; sourceTree = "<group>"; };
		B66786D698546F71986B56AA /* Pods-EndkaTests.debug.xcconfig */ = {isa = PBXFileReference; includeInIndex = 1; lastKnownFileType = text.xcconfig; name = "Pods-EndkaTests.debug.xcconfig"; path = "Target Support Files/Pods-EndkaTests/Pods-EndkaTests.debug.xcconfig"; sourceTree = "<group>"; };
		EB7D2F50059CFB496270D705 /* Pods_Endka.framework */ = {isa = PBXFileReference; explicitFileType = wrapper.framework; includeInIndex = 0; path = Pods_Endka.framework; sourceTree = BUILT_PRODUCTS_DIR; };
		F8129A351D486E7E889AA08C /* Pods-Endka.release.xcconfig */ = {isa = PBXFileReference; includeInIndex = 1; lastKnownFileType = text.xcconfig; name = "Pods-Endka.release.xcconfig"; path = "Target Support Files/Pods-Endka/Pods-Endka.release.xcconfig"; sourceTree = "<group>"; };
		FC339ADC0EDAF0E3293DCF99 /* Pods-Endka-EndkaUITests.release.xcconfig */ = {isa = PBXFileReference; includeInIndex = 1; lastKnownFileType = text.xcconfig; name = "Pods-Endka-EndkaUITests.release.xcconfig"; path = "Target Support Files/Pods-Endka-EndkaUITests/Pods-Endka-EndkaUITests.release.xcconfig"; sourceTree = "<group>"; };
/* End PBXFileReference section */

/* Begin PBXFrameworksBuildPhase section */
		80550841245EF7C900B2BA5B /* Frameworks */ = {
			isa = PBXFrameworksBuildPhase;
			buildActionMask = 2147483647;
			files = (
				2AAB72B4A1CB43041072BBCC /* Pods_Endka.framework in Frameworks */,
			);
			runOnlyForDeploymentPostprocessing = 0;
		};
		80550857245EF7CA00B2BA5B /* Frameworks */ = {
			isa = PBXFrameworksBuildPhase;
			buildActionMask = 2147483647;
			files = (
				F3D74371B32519D5ADF31EDD /* Pods_EndkaTests.framework in Frameworks */,
			);
			runOnlyForDeploymentPostprocessing = 0;
		};
		80550862245EF7CA00B2BA5B /* Frameworks */ = {
			isa = PBXFrameworksBuildPhase;
			buildActionMask = 2147483647;
			files = (
				683143EBF7A2B1F6D8124563 /* Pods_Endka_EndkaUITests.framework in Frameworks */,
			);
			runOnlyForDeploymentPostprocessing = 0;
		};
/* End PBXFrameworksBuildPhase section */

/* Begin PBXGroup section */
		7C9CC31546586F9ECDE5464D /* Pods */ = {
			isa = PBXGroup;
			children = (
				A97B7ED83D867C8259E95E69 /* Pods-Endka.debug.xcconfig */,
				F8129A351D486E7E889AA08C /* Pods-Endka.release.xcconfig */,
				2C1035A31C867FC01889DB7D /* Pods-Endka-EndkaUITests.debug.xcconfig */,
				FC339ADC0EDAF0E3293DCF99 /* Pods-Endka-EndkaUITests.release.xcconfig */,
				B66786D698546F71986B56AA /* Pods-EndkaTests.debug.xcconfig */,
				A074429DC9735A609B1BDE94 /* Pods-EndkaTests.release.xcconfig */,
			);
			path = Pods;
			sourceTree = "<group>";
		};
		8055083B245EF7C900B2BA5B = {
			isa = PBXGroup;
			children = (
				80550846245EF7C900B2BA5B /* Endka */,
				8055085D245EF7CA00B2BA5B /* EndkaTests */,
				80550868245EF7CA00B2BA5B /* EndkaUITests */,
				80550845245EF7C900B2BA5B /* Products */,
				7C9CC31546586F9ECDE5464D /* Pods */,
				9DA1A7DAEB4F87826298FFFD /* Frameworks */,
			);
			sourceTree = "<group>";
		};
		80550845245EF7C900B2BA5B /* Products */ = {
			isa = PBXGroup;
			children = (
				80550844245EF7C900B2BA5B /* Endka.app */,
				8055085A245EF7CA00B2BA5B /* EndkaTests.xctest */,
				80550865245EF7CA00B2BA5B /* EndkaUITests.xctest */,
			);
			name = Products;
			sourceTree = "<group>";
		};
		80550846245EF7C900B2BA5B /* Endka */ = {
			isa = PBXGroup;
			children = (
				806D9CFF246FFA7600822905 /* GoogleService-Info.plist */,
				80550847245EF7C900B2BA5B /* AppDelegate.swift */,
				80550849245EF7C900B2BA5B /* SceneDelegate.swift */,
				8055084B245EF7C900B2BA5B /* ViewController.swift */,
				8055084D245EF7C900B2BA5B /* Main.storyboard */,
				80550877245F003100B2BA5B /* InfoClass.swift */,
				80550879245F049700B2BA5B /* NetworkingManager.swift */,
				803E632924613A1F007BD8EF /* SecondViewController.swift */,
				8055087F245F4BE300B2BA5B /* TableViewCell.swift */,
				8055087D245F4AB500B2BA5B /* TableViewController.swift */,
				806D9CED246FC7A100822905 /* VideoTableViewCell.swift */,
				806D9CEB246FC70900822905 /* VideoTableViewController.swift */,
				806D9CF1246FE05100822905 /* TrackTableViewCell.swift */,
				806D9CF3246FE06600822905 /* TrackTableViewController.swift */,
				806D9CF7246FF6AE00822905 /* FavouriteTableViewCell.swift */,
				806D9CF5246FF69900822905 /* FavouriteTableViewController.swift */,
				806D9CF9246FF6FC00822905 /* ArtistInfoViewController.swift */,
				806D9CFB246FF70A00822905 /* SignInViewController.swift */,
				806D9CFD246FF71B00822905 /* SignUpViewController.swift */,
				8055087B245F04EE00B2BA5B /* CatImage.swift */,
				80550850245EF7CA00B2BA5B /* Assets.xcassets */,
				80550852245EF7CA00B2BA5B /* LaunchScreen.storyboard */,
				80550855245EF7CA00B2BA5B /* Info.plist */,
			);
			path = Endka;
			sourceTree = "<group>";
		};
		8055085D245EF7CA00B2BA5B /* EndkaTests */ = {
			isa = PBXGroup;
			children = (
				8055085E245EF7CA00B2BA5B /* EndkaTests.swift */,
				80550860245EF7CA00B2BA5B /* Info.plist */,
			);
			path = EndkaTests;
			sourceTree = "<group>";
		};
		80550868245EF7CA00B2BA5B /* EndkaUITests */ = {
			isa = PBXGroup;
			children = (
				80550869245EF7CA00B2BA5B /* EndkaUITests.swift */,
				8055086B245EF7CA00B2BA5B /* Info.plist */,
			);
			path = EndkaUITests;
			sourceTree = "<group>";
		};
		9DA1A7DAEB4F87826298FFFD /* Frameworks */ = {
			isa = PBXGroup;
			children = (
				EB7D2F50059CFB496270D705 /* Pods_Endka.framework */,
				27F6967FCA6BE982E51F2330 /* Pods_Endka_EndkaUITests.framework */,
				A589066DD0BFBB15E47767A2 /* Pods_EndkaTests.framework */,
			);
			name = Frameworks;
			sourceTree = "<group>";
		};
/* End PBXGroup section */

/* Begin PBXNativeTarget section */
		80550843245EF7C900B2BA5B /* Endka */ = {
			isa = PBXNativeTarget;
			buildConfigurationList = 8055086E245EF7CA00B2BA5B /* Build configuration list for PBXNativeTarget "Endka" */;
			buildPhases = (
				7593F3A4A8C8708A08810B4A /* [CP] Check Pods Manifest.lock */,
				80550840245EF7C900B2BA5B /* Sources */,
				80550841245EF7C900B2BA5B /* Frameworks */,
				80550842245EF7C900B2BA5B /* Resources */,
				5B54B24694FB6330EFFE7B88 /* [CP] Embed Pods Frameworks */,
			);
			buildRules = (
			);
			dependencies = (
			);
			name = Endka;
			productName = Endka;
			productReference = 80550844245EF7C900B2BA5B /* Endka.app */;
			productType = "com.apple.product-type.application";
		};
		80550859245EF7CA00B2BA5B /* EndkaTests */ = {
			isa = PBXNativeTarget;
			buildConfigurationList = 80550871245EF7CA00B2BA5B /* Build configuration list for PBXNativeTarget "EndkaTests" */;
			buildPhases = (
				5436FE86786CB8488C035111 /* [CP] Check Pods Manifest.lock */,
				80550856245EF7CA00B2BA5B /* Sources */,
				80550857245EF7CA00B2BA5B /* Frameworks */,
				80550858245EF7CA00B2BA5B /* Resources */,
			);
			buildRules = (
			);
			dependencies = (
				8055085C245EF7CA00B2BA5B /* PBXTargetDependency */,
			);
			name = EndkaTests;
			productName = EndkaTests;
			productReference = 8055085A245EF7CA00B2BA5B /* EndkaTests.xctest */;
			productType = "com.apple.product-type.bundle.unit-test";
		};
		80550864245EF7CA00B2BA5B /* EndkaUITests */ = {
			isa = PBXNativeTarget;
			buildConfigurationList = 80550874245EF7CA00B2BA5B /* Build configuration list for PBXNativeTarget "EndkaUITests" */;
			buildPhases = (
				A3E30C5FCF79F1D67066BC7B /* [CP] Check Pods Manifest.lock */,
				80550861245EF7CA00B2BA5B /* Sources */,
				80550862245EF7CA00B2BA5B /* Frameworks */,
				80550863245EF7CA00B2BA5B /* Resources */,
				17F6BAC0F77B0E95D3E1B2DB /* [CP] Embed Pods Frameworks */,
			);
			buildRules = (
			);
			dependencies = (
				80550867245EF7CA00B2BA5B /* PBXTargetDependency */,
			);
			name = EndkaUITests;
			productName = EndkaUITests;
			productReference = 80550865245EF7CA00B2BA5B /* EndkaUITests.xctest */;
			productType = "com.apple.product-type.bundle.ui-testing";
		};
/* End PBXNativeTarget section */

/* Begin PBXProject section */
		8055083C245EF7C900B2BA5B /* Project object */ = {
			isa = PBXProject;
			attributes = {
				LastSwiftUpdateCheck = 1130;
				LastUpgradeCheck = 1130;
				ORGANIZATIONNAME = " Арманай ";
				TargetAttributes = {
					80550843245EF7C900B2BA5B = {
						CreatedOnToolsVersion = 11.3.1;
					};
					80550859245EF7CA00B2BA5B = {
						CreatedOnToolsVersion = 11.3.1;
						TestTargetID = 80550843245EF7C900B2BA5B;
					};
					80550864245EF7CA00B2BA5B = {
						CreatedOnToolsVersion = 11.3.1;
						TestTargetID = 80550843245EF7C900B2BA5B;
					};
				};
			};
			buildConfigurationList = 8055083F245EF7C900B2BA5B /* Build configuration list for PBXProject "Endka" */;
			compatibilityVersion = "Xcode 9.3";
			developmentRegion = en;
			hasScannedForEncodings = 0;
			knownRegions = (
				en,
				Base,
			);
			mainGroup = 8055083B245EF7C900B2BA5B;
			productRefGroup = 80550845245EF7C900B2BA5B /* Products */;
			projectDirPath = "";
			projectRoot = "";
			targets = (
				80550843245EF7C900B2BA5B /* Endka */,
				80550859245EF7CA00B2BA5B /* EndkaTests */,
				80550864245EF7CA00B2BA5B /* EndkaUITests */,
			);
		};
/* End PBXProject section */

/* Begin PBXResourcesBuildPhase section */
		80550842245EF7C900B2BA5B /* Resources */ = {
			isa = PBXResourcesBuildPhase;
			buildActionMask = 2147483647;
			files = (
				80550854245EF7CA00B2BA5B /* LaunchScreen.storyboard in Resources */,
				806D9D00246FFA7600822905 /* GoogleService-Info.plist in Resources */,
				80550851245EF7CA00B2BA5B /* Assets.xcassets in Resources */,
				8055084F245EF7C900B2BA5B /* Main.storyboard in Resources */,
			);
			runOnlyForDeploymentPostprocessing = 0;
		};
		80550858245EF7CA00B2BA5B /* Resources */ = {
			isa = PBXResourcesBuildPhase;
			buildActionMask = 2147483647;
			files = (
			);
			runOnlyForDeploymentPostprocessing = 0;
		};
		80550863245EF7CA00B2BA5B /* Resources */ = {
			isa = PBXResourcesBuildPhase;
			buildActionMask = 2147483647;
			files = (
			);
			runOnlyForDeploymentPostprocessing = 0;
		};
/* End PBXResourcesBuildPhase section */

/* Begin PBXShellScriptBuildPhase section */
		17F6BAC0F77B0E95D3E1B2DB /* [CP] Embed Pods Frameworks */ = {
			isa = PBXShellScriptBuildPhase;
			buildActionMask = 2147483647;
			files = (
			);
			inputFileListPaths = (
				"${PODS_ROOT}/Target Support Files/Pods-Endka-EndkaUITests/Pods-Endka-EndkaUITests-frameworks-${CONFIGURATION}-input-files.xcfilelist",
			);
			name = "[CP] Embed Pods Frameworks";
			outputFileListPaths = (
				"${PODS_ROOT}/Target Support Files/Pods-Endka-EndkaUITests/Pods-Endka-EndkaUITests-frameworks-${CONFIGURATION}-output-files.xcfilelist",
			);
			runOnlyForDeploymentPostprocessing = 0;
			shellPath = /bin/sh;
			shellScript = "\"${PODS_ROOT}/Target Support Files/Pods-Endka-EndkaUITests/Pods-Endka-EndkaUITests-frameworks.sh\"\n";
			showEnvVarsInLog = 0;
		};
		5436FE86786CB8488C035111 /* [CP] Check Pods Manifest.lock */ = {
			isa = PBXShellScriptBuildPhase;
			buildActionMask = 2147483647;
			files = (
			);
			inputFileListPaths = (
			);
			inputPaths = (
				"${PODS_PODFILE_DIR_PATH}/Podfile.lock",
				"${PODS_ROOT}/Manifest.lock",
			);
			name = "[CP] Check Pods Manifest.lock";
			outputFileListPaths = (
			);
			outputPaths = (
				"$(DERIVED_FILE_DIR)/Pods-EndkaTests-checkManifestLockResult.txt",
			);
			runOnlyForDeploymentPostprocessing = 0;
			shellPath = /bin/sh;
			shellScript = "diff \"${PODS_PODFILE_DIR_PATH}/Podfile.lock\" \"${PODS_ROOT}/Manifest.lock\" > /dev/null\nif [ $? != 0 ] ; then\n    # print error to STDERR\n    echo \"error: The sandbox is not in sync with the Podfile.lock. Run 'pod install' or update your CocoaPods installation.\" >&2\n    exit 1\nfi\n# This output is used by Xcode 'outputs' to avoid re-running this script phase.\necho \"SUCCESS\" > \"${SCRIPT_OUTPUT_FILE_0}\"\n";
			showEnvVarsInLog = 0;
		};
		5B54B24694FB6330EFFE7B88 /* [CP] Embed Pods Frameworks */ = {
			isa = PBXShellScriptBuildPhase;
			buildActionMask = 2147483647;
			files = (
			);
			inputFileListPaths = (
				"${PODS_ROOT}/Target Support Files/Pods-Endka/Pods-Endka-frameworks-${CONFIGURATION}-input-files.xcfilelist",
			);
			name = "[CP] Embed Pods Frameworks";
			outputFileListPaths = (
				"${PODS_ROOT}/Target Support Files/Pods-Endka/Pods-Endka-frameworks-${CONFIGURATION}-output-files.xcfilelist",
			);
			runOnlyForDeploymentPostprocessing = 0;
			shellPath = /bin/sh;
			shellScript = "\"${PODS_ROOT}/Target Support Files/Pods-Endka/Pods-Endka-frameworks.sh\"\n";
			showEnvVarsInLog = 0;
		};
		7593F3A4A8C8708A08810B4A /* [CP] Check Pods Manifest.lock */ = {
			isa = PBXShellScriptBuildPhase;
			buildActionMask = 2147483647;
			files = (
			);
			inputFileListPaths = (
			);
			inputPaths = (
				"${PODS_PODFILE_DIR_PATH}/Podfile.lock",
				"${PODS_ROOT}/Manifest.lock",
			);
			name = "[CP] Check Pods Manifest.lock";
			outputFileListPaths = (
			);
			outputPaths = (
				"$(DERIVED_FILE_DIR)/Pods-Endka-checkManifestLockResult.txt",
			);
			runOnlyForDeploymentPostprocessing = 0;
			shellPath = /bin/sh;
			shellScript = "diff \"${PODS_PODFILE_DIR_PATH}/Podfile.lock\" \"${PODS_ROOT}/Manifest.lock\" > /dev/null\nif [ $? != 0 ] ; then\n    # print error to STDERR\n    echo \"error: The sandbox is not in sync with the Podfile.lock. Run 'pod install' or update your CocoaPods installation.\" >&2\n    exit 1\nfi\n# This output is used by Xcode 'outputs' to avoid re-running this script phase.\necho \"SUCCESS\" > \"${SCRIPT_OUTPUT_FILE_0}\"\n";
			showEnvVarsInLog = 0;
		};
		A3E30C5FCF79F1D67066BC7B /* [CP] Check Pods Manifest.lock */ = {
			isa = PBXShellScriptBuildPhase;
			buildActionMask = 2147483647;
			files = (
			);
			inputFileListPaths = (
			);
			inputPaths = (
				"${PODS_PODFILE_DIR_PATH}/Podfile.lock",
				"${PODS_ROOT}/Manifest.lock",
			);
			name = "[CP] Check Pods Manifest.lock";
			outputFileListPaths = (
			);
			outputPaths = (
				"$(DERIVED_FILE_DIR)/Pods-Endka-EndkaUITests-checkManifestLockResult.txt",
			);
			runOnlyForDeploymentPostprocessing = 0;
			shellPath = /bin/sh;
			shellScript = "diff \"${PODS_PODFILE_DIR_PATH}/Podfile.lock\" \"${PODS_ROOT}/Manifest.lock\" > /dev/null\nif [ $? != 0 ] ; then\n    # print error to STDERR\n    echo \"error: The sandbox is not in sync with the Podfile.lock. Run 'pod install' or update your CocoaPods installation.\" >&2\n    exit 1\nfi\n# This output is used by Xcode 'outputs' to avoid re-running this script phase.\necho \"SUCCESS\" > \"${SCRIPT_OUTPUT_FILE_0}\"\n";
			showEnvVarsInLog = 0;
		};
/* End PBXShellScriptBuildPhase section */

/* Begin PBXSourcesBuildPhase section */
		80550840245EF7C900B2BA5B /* Sources */ = {
			isa = PBXSourcesBuildPhase;
			buildActionMask = 2147483647;
			files = (
				80550878245F003100B2BA5B /* InfoClass.swift in Sources */,
				80550880245F4BE300B2BA5B /* TableViewCell.swift in Sources */,
				8055087E245F4AB500B2BA5B /* TableViewController.swift in Sources */,
				806D9CEE246FC7A100822905 /* VideoTableViewCell.swift in Sources */,
				803E632A24613A1F007BD8EF /* SecondViewController.swift in Sources */,
				8055084C245EF7C900B2BA5B /* ViewController.swift in Sources */,
				806D9CFE246FF71B00822905 /* SignUpViewController.swift in Sources */,
				80550848245EF7C900B2BA5B /* AppDelegate.swift in Sources */,
				806D9CFC246FF70A00822905 /* SignInViewController.swift in Sources */,
				806D9CF2246FE05100822905 /* TrackTableViewCell.swift in Sources */,
				8055087A245F049700B2BA5B /* NetworkingManager.swift in Sources */,
				806D9CF6246FF69900822905 /* FavouriteTableViewController.swift in Sources */,
				806D9CEC246FC70900822905 /* VideoTableViewController.swift in Sources */,
				806D9CFA246FF6FC00822905 /* ArtistInfoViewController.swift in Sources */,
				806D9CF4246FE06600822905 /* TrackTableViewController.swift in Sources */,
				8055087C245F04EE00B2BA5B /* CatImage.swift in Sources */,
				806D9CF8246FF6AE00822905 /* FavouriteTableViewCell.swift in Sources */,
				8055084A245EF7C900B2BA5B /* SceneDelegate.swift in Sources */,
			);
			runOnlyForDeploymentPostprocessing = 0;
		};
		80550856245EF7CA00B2BA5B /* Sources */ = {
			isa = PBXSourcesBuildPhase;
			buildActionMask = 2147483647;
			files = (
				8055085F245EF7CA00B2BA5B /* EndkaTests.swift in Sources */,
			);
			runOnlyForDeploymentPostprocessing = 0;
		};
		80550861245EF7CA00B2BA5B /* Sources */ = {
			isa = PBXSourcesBuildPhase;
			buildActionMask = 2147483647;
			files = (
				8055086A245EF7CA00B2BA5B /* EndkaUITests.swift in Sources */,
			);
			runOnlyForDeploymentPostprocessing = 0;
		};
/* End PBXSourcesBuildPhase section */

/* Begin PBXTargetDependency section */
		8055085C245EF7CA00B2BA5B /* PBXTargetDependency */ = {
			isa = PBXTargetDependency;
			target = 80550843245EF7C900B2BA5B /* Endka */;
			targetProxy = 8055085B245EF7CA00B2BA5B /* PBXContainerItemProxy */;
		};
		80550867245EF7CA00B2BA5B /* PBXTargetDependency */ = {
			isa = PBXTargetDependency;
			target = 80550843245EF7C900B2BA5B /* Endka */;
			targetProxy = 80550866245EF7CA00B2BA5B /* PBXContainerItemProxy */;
		};
/* End PBXTargetDependency section */

/* Begin PBXVariantGroup section */
		8055084D245EF7C900B2BA5B /* Main.storyboard */ = {
			isa = PBXVariantGroup;
			children = (
				8055084E245EF7C900B2BA5B /* Base */,
			);
			name = Main.storyboard;
			sourceTree = "<group>";
		};
		80550852245EF7CA00B2BA5B /* LaunchScreen.storyboard */ = {
			isa = PBXVariantGroup;
			children = (
				80550853245EF7CA00B2BA5B /* Base */,
			);
			name = LaunchScreen.storyboard;
			sourceTree = "<group>";
		};
/* End PBXVariantGroup section */

/* Begin XCBuildConfiguration section */
		8055086C245EF7CA00B2BA5B /* Debug */ = {
			isa = XCBuildConfiguration;
			buildSettings = {
				ALWAYS_SEARCH_USER_PATHS = NO;
				CLANG_ANALYZER_NONNULL = YES;
				CLANG_ANALYZER_NUMBER_OBJECT_CONVERSION = YES_AGGRESSIVE;
				CLANG_CXX_LANGUAGE_STANDARD = "gnu++14";
				CLANG_CXX_LIBRARY = "libc++";
				CLANG_ENABLE_MODULES = YES;
				CLANG_ENABLE_OBJC_ARC = YES;
				CLANG_ENABLE_OBJC_WEAK = YES;
				CLANG_WARN_BLOCK_CAPTURE_AUTORELEASING = YES;
				CLANG_WARN_BOOL_CONVERSION = YES;
				CLANG_WARN_COMMA = YES;
				CLANG_WARN_CONSTANT_CONVERSION = YES;
				CLANG_WARN_DEPRECATED_OBJC_IMPLEMENTATIONS = YES;
				CLANG_WARN_DIRECT_OBJC_ISA_USAGE = YES_ERROR;
				CLANG_WARN_DOCUMENTATION_COMMENTS = YES;
				CLANG_WARN_EMPTY_BODY = YES;
				CLANG_WARN_ENUM_CONVERSION = YES;
				CLANG_WARN_INFINITE_RECURSION = YES;
				CLANG_WARN_INT_CONVERSION = YES;
				CLANG_WARN_NON_LITERAL_NULL_CONVERSION = YES;
				CLANG_WARN_OBJC_IMPLICIT_RETAIN_SELF = YES;
				CLANG_WARN_OBJC_LITERAL_CONVERSION = YES;
				CLANG_WARN_OBJC_ROOT_CLASS = YES_ERROR;
				CLANG_WARN_RANGE_LOOP_ANALYSIS = YES;
				CLANG_WARN_STRICT_PROTOTYPES = YES;
				CLANG_WARN_SUSPICIOUS_MOVE = YES;
				CLANG_WARN_UNGUARDED_AVAILABILITY = YES_AGGRESSIVE;
				CLANG_WARN_UNREACHABLE_CODE = YES;
				CLANG_WARN__DUPLICATE_METHOD_MATCH = YES;
				COPY_PHASE_STRIP = NO;
				DEBUG_INFORMATION_FORMAT = dwarf;
				ENABLE_STRICT_OBJC_MSGSEND = YES;
				ENABLE_TESTABILITY = YES;
				GCC_C_LANGUAGE_STANDARD = gnu11;
				GCC_DYNAMIC_NO_PIC = NO;
				GCC_NO_COMMON_BLOCKS = YES;
				GCC_OPTIMIZATION_LEVEL = 0;
				GCC_PREPROCESSOR_DEFINITIONS = (
					"DEBUG=1",
					"$(inherited)",
				);
				GCC_WARN_64_TO_32_BIT_CONVERSION = YES;
				GCC_WARN_ABOUT_RETURN_TYPE = YES_ERROR;
				GCC_WARN_UNDECLARED_SELECTOR = YES;
				GCC_WARN_UNINITIALIZED_AUTOS = YES_AGGRESSIVE;
				GCC_WARN_UNUSED_FUNCTION = YES;
				GCC_WARN_UNUSED_VARIABLE = YES;
				IPHONEOS_DEPLOYMENT_TARGET = 13.2;
				MTL_ENABLE_DEBUG_INFO = INCLUDE_SOURCE;
				MTL_FAST_MATH = YES;
				ONLY_ACTIVE_ARCH = YES;
				SDKROOT = iphoneos;
				SWIFT_ACTIVE_COMPILATION_CONDITIONS = DEBUG;
				SWIFT_OPTIMIZATION_LEVEL = "-Onone";
			};
			name = Debug;
		};
		8055086D245EF7CA00B2BA5B /* Release */ = {
			isa = XCBuildConfiguration;
			buildSettings = {
				ALWAYS_SEARCH_USER_PATHS = NO;
				CLANG_ANALYZER_NONNULL = YES;
				CLANG_ANALYZER_NUMBER_OBJECT_CONVERSION = YES_AGGRESSIVE;
				CLANG_CXX_LANGUAGE_STANDARD = "gnu++14";
				CLANG_CXX_LIBRARY = "libc++";
				CLANG_ENABLE_MODULES = YES;
				CLANG_ENABLE_OBJC_ARC = YES;
				CLANG_ENABLE_OBJC_WEAK = YES;
				CLANG_WARN_BLOCK_CAPTURE_AUTORELEASING = YES;
				CLANG_WARN_BOOL_CONVERSION = YES;
				CLANG_WARN_COMMA = YES;
				CLANG_WARN_CONSTANT_CONVERSION = YES;
				CLANG_WARN_DEPRECATED_OBJC_IMPLEMENTATIONS = YES;
				CLANG_WARN_DIRECT_OBJC_ISA_USAGE = YES_ERROR;
				CLANG_WARN_DOCUMENTATION_COMMENTS = YES;
				CLANG_WARN_EMPTY_BODY = YES;
				CLANG_WARN_ENUM_CONVERSION = YES;
				CLANG_WARN_INFINITE_RECURSION = YES;
				CLANG_WARN_INT_CONVERSION = YES;
				CLANG_WARN_NON_LITERAL_NULL_CONVERSION = YES;
				CLANG_WARN_OBJC_IMPLICIT_RETAIN_SELF = YES;
				CLANG_WARN_OBJC_LITERAL_CONVERSION = YES;
				CLANG_WARN_OBJC_ROOT_CLASS = YES_ERROR;
				CLANG_WARN_RANGE_LOOP_ANALYSIS = YES;
				CLANG_WARN_STRICT_PROTOTYPES = YES;
				CLANG_WARN_SUSPICIOUS_MOVE = YES;
				CLANG_WARN_UNGUARDED_AVAILABILITY = YES_AGGRESSIVE;
				CLANG_WARN_UNREACHABLE_CODE = YES;
				CLANG_WARN__DUPLICATE_METHOD_MATCH = YES;
				COPY_PHASE_STRIP = NO;
				DEBUG_INFORMATION_FORMAT = "dwarf-with-dsym";
				ENABLE_NS_ASSERTIONS = NO;
				ENABLE_STRICT_OBJC_MSGSEND = YES;
				GCC_C_LANGUAGE_STANDARD = gnu11;
				GCC_NO_COMMON_BLOCKS = YES;
				GCC_WARN_64_TO_32_BIT_CONVERSION = YES;
				GCC_WARN_ABOUT_RETURN_TYPE = YES_ERROR;
				GCC_WARN_UNDECLARED_SELECTOR = YES;
				GCC_WARN_UNINITIALIZED_AUTOS = YES_AGGRESSIVE;
				GCC_WARN_UNUSED_FUNCTION = YES;
				GCC_WARN_UNUSED_VARIABLE = YES;
				IPHONEOS_DEPLOYMENT_TARGET = 13.2;
				MTL_ENABLE_DEBUG_INFO = NO;
				MTL_FAST_MATH = YES;
				SDKROOT = iphoneos;
				SWIFT_COMPILATION_MODE = wholemodule;
				SWIFT_OPTIMIZATION_LEVEL = "-O";
				VALIDATE_PRODUCT = YES;
			};
			name = Release;
		};
		8055086F245EF7CA00B2BA5B /* Debug */ = {
			isa = XCBuildConfiguration;
			baseConfigurationReference = A97B7ED83D867C8259E95E69 /* Pods-Endka.debug.xcconfig */;
			buildSettings = {
				ASSETCATALOG_COMPILER_APPICON_NAME = AppIcon;
				CODE_SIGN_STYLE = Automatic;
				DEVELOPMENT_TEAM = 5KL9ANB9WP;
				INFOPLIST_FILE = Endka/Info.plist;
				LD_RUNPATH_SEARCH_PATHS = (
					"$(inherited)",
					"@executable_path/Frameworks",
				);
				PRODUCT_BUNDLE_IDENTIFIER = bv.Endka;
				PRODUCT_NAME = "$(TARGET_NAME)";
				SWIFT_VERSION = 5.0;
				TARGETED_DEVICE_FAMILY = "1,2";
			};
			name = Debug;
		};
		80550870245EF7CA00B2BA5B /* Release */ = {
			isa = XCBuildConfiguration;
			baseConfigurationReference = F8129A351D486E7E889AA08C /* Pods-Endka.release.xcconfig */;
			buildSettings = {
				ASSETCATALOG_COMPILER_APPICON_NAME = AppIcon;
				CODE_SIGN_STYLE = Automatic;
				DEVELOPMENT_TEAM = 5KL9ANB9WP;
				INFOPLIST_FILE = Endka/Info.plist;
				LD_RUNPATH_SEARCH_PATHS = (
					"$(inherited)",
					"@executable_path/Frameworks",
				);
				PRODUCT_BUNDLE_IDENTIFIER = bv.Endka;
				PRODUCT_NAME = "$(TARGET_NAME)";
				SWIFT_VERSION = 5.0;
				TARGETED_DEVICE_FAMILY = "1,2";
			};
			name = Release;
		};
		80550872245EF7CA00B2BA5B /* Debug */ = {
			isa = XCBuildConfiguration;
			baseConfigurationReference = B66786D698546F71986B56AA /* Pods-EndkaTests.debug.xcconfig */;
			buildSettings = {
				ALWAYS_EMBED_SWIFT_STANDARD_LIBRARIES = YES;
				BUNDLE_LOADER = "$(TEST_HOST)";
				CODE_SIGN_STYLE = Automatic;
				DEVELOPMENT_TEAM = 5KL9ANB9WP;
				INFOPLIST_FILE = EndkaTests/Info.plist;
				IPHONEOS_DEPLOYMENT_TARGET = 13.2;
				LD_RUNPATH_SEARCH_PATHS = (
					"$(inherited)",
					"@executable_path/Frameworks",
					"@loader_path/Frameworks",
				);
				PRODUCT_BUNDLE_IDENTIFIER = bv.EndkaTests;
				PRODUCT_NAME = "$(TARGET_NAME)";
				SWIFT_VERSION = 5.0;
				TARGETED_DEVICE_FAMILY = "1,2";
				TEST_HOST = "$(BUILT_PRODUCTS_DIR)/Endka.app/Endka";
			};
			name = Debug;
		};
		80550873245EF7CA00B2BA5B /* Release */ = {
			isa = XCBuildConfiguration;
			baseConfigurationReference = A074429DC9735A609B1BDE94 /* Pods-EndkaTests.release.xcconfig */;
			buildSettings = {
				ALWAYS_EMBED_SWIFT_STANDARD_LIBRARIES = YES;
				BUNDLE_LOADER = "$(TEST_HOST)";
				CODE_SIGN_STYLE = Automatic;
				DEVELOPMENT_TEAM = 5KL9ANB9WP;
				INFOPLIST_FILE = EndkaTests/Info.plist;
				IPHONEOS_DEPLOYMENT_TARGET = 13.2;
				LD_RUNPATH_SEARCH_PATHS = (
					"$(inherited)",
					"@executable_path/Frameworks",
					"@loader_path/Frameworks",
				);
				PRODUCT_BUNDLE_IDENTIFIER = bv.EndkaTests;
				PRODUCT_NAME = "$(TARGET_NAME)";
				SWIFT_VERSION = 5.0;
				TARGETED_DEVICE_FAMILY = "1,2";
				TEST_HOST = "$(BUILT_PRODUCTS_DIR)/Endka.app/Endka";
			};
			name = Release;
		};
		80550875245EF7CA00B2BA5B /* Debug */ = {
			isa = XCBuildConfiguration;
			baseConfigurationReference = 2C1035A31C867FC01889DB7D /* Pods-Endka-EndkaUITests.debug.xcconfig */;
			buildSettings = {
				ALWAYS_EMBED_SWIFT_STANDARD_LIBRARIES = YES;
				CODE_SIGN_STYLE = Automatic;
				DEVELOPMENT_TEAM = 5KL9ANB9WP;
				INFOPLIST_FILE = EndkaUITests/Info.plist;
				LD_RUNPATH_SEARCH_PATHS = (
					"$(inherited)",
					"@executable_path/Frameworks",
					"@loader_path/Frameworks",
				);
				PRODUCT_BUNDLE_IDENTIFIER = bv.EndkaUITests;
				PRODUCT_NAME = "$(TARGET_NAME)";
				SWIFT_VERSION = 5.0;
				TARGETED_DEVICE_FAMILY = "1,2";
				TEST_TARGET_NAME = Endka;
			};
			name = Debug;
		};
		80550876245EF7CA00B2BA5B /* Release */ = {
			isa = XCBuildConfiguration;
			baseConfigurationReference = FC339ADC0EDAF0E3293DCF99 /* Pods-Endka-EndkaUITests.release.xcconfig */;
			buildSettings = {
				ALWAYS_EMBED_SWIFT_STANDARD_LIBRARIES = YES;
				CODE_SIGN_STYLE = Automatic;
				DEVELOPMENT_TEAM = 5KL9ANB9WP;
				INFOPLIST_FILE = EndkaUITests/Info.plist;
				LD_RUNPATH_SEARCH_PATHS = (
					"$(inherited)",
					"@executable_path/Frameworks",
					"@loader_path/Frameworks",
				);
				PRODUCT_BUNDLE_IDENTIFIER = bv.EndkaUITests;
				PRODUCT_NAME = "$(TARGET_NAME)";
				SWIFT_VERSION = 5.0;
				TARGETED_DEVICE_FAMILY = "1,2";
				TEST_TARGET_NAME = Endka;
			};
			name = Release;
		};
/* End XCBuildConfiguration section */

/* Begin XCConfigurationList section */
		8055083F245EF7C900B2BA5B /* Build configuration list for PBXProject "Endka" */ = {
			isa = XCConfigurationList;
			buildConfigurations = (
				8055086C245EF7CA00B2BA5B /* Debug */,
				8055086D245EF7CA00B2BA5B /* Release */,
			);
			defaultConfigurationIsVisible = 0;
			defaultConfigurationName = Release;
		};
		8055086E245EF7CA00B2BA5B /* Build configuration list for PBXNativeTarget "Endka" */ = {
			isa = XCConfigurationList;
			buildConfigurations = (
				8055086F245EF7CA00B2BA5B /* Debug */,
				80550870245EF7CA00B2BA5B /* Release */,
			);
			defaultConfigurationIsVisible = 0;
			defaultConfigurationName = Release;
		};
		80550871245EF7CA00B2BA5B /* Build configuration list for PBXNativeTarget "EndkaTests" */ = {
			isa = XCConfigurationList;
			buildConfigurations = (
				80550872245EF7CA00B2BA5B /* Debug */,
				80550873245EF7CA00B2BA5B /* Release */,
			);
			defaultConfigurationIsVisible = 0;
			defaultConfigurationName = Release;
		};
		80550874245EF7CA00B2BA5B /* Build configuration list for PBXNativeTarget "EndkaUITests" */ = {
			isa = XCConfigurationList;
			buildConfigurations = (
				80550875245EF7CA00B2BA5B /* Debug */,
				80550876245EF7CA00B2BA5B /* Release */,
			);
			defaultConfigurationIsVisible = 0;
			defaultConfigurationName = Release;
		};
/* End XCConfigurationList section */
	};
	rootObject = 8055083C245EF7C900B2BA5B /* Project object */;
}
